{
  "originHash" : "7da310081d69d30a7ab08743d20e135a898169f08e50366813dbcde706c0bfcb",
  "pins" : [
    {
      "identity" : "yolo-ios-app",
      "kind" : "remoteSourceControl",
      "location" : "https://github.com/ultralytics/yolo-ios-app.git",
      "state" : {
        "revision" : "efa95643ebf28f49b712700eb712b217f7e80f2d",
        "version" : "8.9.15"
      }
    }
  ],
  "version" : 3
}
